
Microsoft Visual Studio Solution File, Format Version 12.00
Project("{FAE04EC0-301F-11D3-BF4B-00C04F79EFBC}") = "start", "start\start.csproj", "{C3BC8728-68AD-45E6-A2D0-CD5A9DBD00A9}"
EndProject
Project("{FAE04EC0-301F-11D3-BF4B-00C04F79EFBC}") = "print-flag", "print-flag\print-flag.csproj", "{718EDBBD-4B78-475F-A9BF-8368866FDEA4}"
EndProject
Project("{FAE04EC0-301F-11D3-BF4B-00C04F79EFBC}") = "variables", "variables\variables.csproj", "{782D217B-8DFA-4B67-AF10-3DE861B00176}"
EndProject
Project("{FAE04EC0-301F-11D3-BF4B-00C04F79EFBC}") = "string", "string\string.csproj", "{EACF9DAE-5975-4455-8A7B-EC0EA1FBE5E8}"
EndProject
Project("{FAE04EC0-301F-11D3-BF4B-00C04F79EFBC}") = "practice", "practice\practice.csproj", "{9FA60FE1-4B4D-4E96-9017-31209D8661E7}"
EndProject
Project("{FAE04EC0-301F-11D3-BF4B-00C04F79EFBC}") = "variable-research", "variable-research\variable-research.csproj", "{EA929566-C1C6-4C96-B72C-06029CA7469F}"
EndProject
Project("{FAE04EC0-301F-11D3-BF4B-00C04F79EFBC}") = "math-operator", "math-operator\math-operator.csproj", "{3D15FDBD-0466-4C9A-BC74-5F73E3E9C453}"
EndProject
Project("{FAE04EC0-301F-11D3-BF4B-00C04F79EFBC}") = "increment-and-decrement", "increment-and-decrement\increment-and-decrement.csproj", "{904AEDBF-12C5-46FD-A14F-446DF0B90937}"
EndProject
Project("{FAE04EC0-301F-11D3-BF4B-00C04F79EFBC}") = "boolean", "boolean\boolean.csproj", "{701F65EC-5E32-4A91-B4ED-F9D72D5BD275}"
EndProject
Project("{FAE04EC0-301F-11D3-BF4B-00C04F79EFBC}") = "logic-operator", "logic-operator\logic-operator.csproj", "{0376D49D-6589-48DE-8196-46DE36913B61}"
EndProject
Project("{FAE04EC0-301F-11D3-BF4B-00C04F79EFBC}") = "operator-priority", "operator-priority\operator-priority.csproj", "{181E709A-7A71-4E03-9A67-4D387AF040C7}"
EndProject
Project("{FAE04EC0-301F-11D3-BF4B-00C04F79EFBC}") = "pratice-reverse-digits", "pratice-reverse-digits\pratice-reverse-digits.csproj", "{2E7F670D-24E3-4AF3-ACC6-FF81BA12CE50}"
EndProject
Project("{FAE04EC0-301F-11D3-BF4B-00C04F79EFBC}") = "conditional-sentence-if", "conditional-sentence-if\conditional-sentence-if.csproj", "{44366C74-F696-466C-B911-53FB1AA18BD5}"
EndProject
Project("{FAE04EC0-301F-11D3-BF4B-00C04F79EFBC}") = "switch-sentence", "switch-sentence\switch-sentence.csproj", "{573C3922-9A60-4072-81F0-8D9625206BBB}"
EndProject
Project("{FAE04EC0-301F-11D3-BF4B-00C04F79EFBC}") = "practice-switch", "practice-switch\practice-switch.csproj", "{C5292712-D058-45B3-B43B-1D4C2184C644}"
EndProject
Project("{FAE04EC0-301F-11D3-BF4B-00C04F79EFBC}") = "while-sentence", "while-sentence\while-sentence.csproj", "{55A6515A-9D16-43DE-9991-CB501CFDE26C}"
EndProject
Global
	GlobalSection(SolutionConfigurationPlatforms) = preSolution
		Debug|Any CPU = Debug|Any CPU
		Release|Any CPU = Release|Any CPU
	EndGlobalSection
	GlobalSection(ProjectConfigurationPlatforms) = postSolution
		{C3BC8728-68AD-45E6-A2D0-CD5A9DBD00A9}.Debug|Any CPU.ActiveCfg = Debug|Any CPU
		{C3BC8728-68AD-45E6-A2D0-CD5A9DBD00A9}.Debug|Any CPU.Build.0 = Debug|Any CPU
		{C3BC8728-68AD-45E6-A2D0-CD5A9DBD00A9}.Release|Any CPU.ActiveCfg = Release|Any CPU
		{C3BC8728-68AD-45E6-A2D0-CD5A9DBD00A9}.Release|Any CPU.Build.0 = Release|Any CPU
		{718EDBBD-4B78-475F-A9BF-8368866FDEA4}.Debug|Any CPU.ActiveCfg = Debug|Any CPU
		{718EDBBD-4B78-475F-A9BF-8368866FDEA4}.Debug|Any CPU.Build.0 = Debug|Any CPU
		{718EDBBD-4B78-475F-A9BF-8368866FDEA4}.Release|Any CPU.ActiveCfg = Release|Any CPU
		{718EDBBD-4B78-475F-A9BF-8368866FDEA4}.Release|Any CPU.Build.0 = Release|Any CPU
		{782D217B-8DFA-4B67-AF10-3DE861B00176}.Debug|Any CPU.ActiveCfg = Debug|Any CPU
		{782D217B-8DFA-4B67-AF10-3DE861B00176}.Debug|Any CPU.Build.0 = Debug|Any CPU
		{782D217B-8DFA-4B67-AF10-3DE861B00176}.Release|Any CPU.ActiveCfg = Release|Any CPU
		{782D217B-8DFA-4B67-AF10-3DE861B00176}.Release|Any CPU.Build.0 = Release|Any CPU
		{EACF9DAE-5975-4455-8A7B-EC0EA1FBE5E8}.Debug|Any CPU.ActiveCfg = Debug|Any CPU
		{EACF9DAE-5975-4455-8A7B-EC0EA1FBE5E8}.Debug|Any CPU.Build.0 = Debug|Any CPU
		{EACF9DAE-5975-4455-8A7B-EC0EA1FBE5E8}.Release|Any CPU.ActiveCfg = Release|Any CPU
		{EACF9DAE-5975-4455-8A7B-EC0EA1FBE5E8}.Release|Any CPU.Build.0 = Release|Any CPU
		{9FA60FE1-4B4D-4E96-9017-31209D8661E7}.Debug|Any CPU.ActiveCfg = Debug|Any CPU
		{9FA60FE1-4B4D-4E96-9017-31209D8661E7}.Debug|Any CPU.Build.0 = Debug|Any CPU
		{9FA60FE1-4B4D-4E96-9017-31209D8661E7}.Release|Any CPU.ActiveCfg = Release|Any CPU
		{9FA60FE1-4B4D-4E96-9017-31209D8661E7}.Release|Any CPU.Build.0 = Release|Any CPU
		{EA929566-C1C6-4C96-B72C-06029CA7469F}.Debug|Any CPU.ActiveCfg = Debug|Any CPU
		{EA929566-C1C6-4C96-B72C-06029CA7469F}.Debug|Any CPU.Build.0 = Debug|Any CPU
		{EA929566-C1C6-4C96-B72C-06029CA7469F}.Release|Any CPU.ActiveCfg = Release|Any CPU
		{EA929566-C1C6-4C96-B72C-06029CA7469F}.Release|Any CPU.Build.0 = Release|Any CPU
		{3D15FDBD-0466-4C9A-BC74-5F73E3E9C453}.Debug|Any CPU.ActiveCfg = Debug|Any CPU
		{3D15FDBD-0466-4C9A-BC74-5F73E3E9C453}.Debug|Any CPU.Build.0 = Debug|Any CPU
		{3D15FDBD-0466-4C9A-BC74-5F73E3E9C453}.Release|Any CPU.ActiveCfg = Release|Any CPU
		{3D15FDBD-0466-4C9A-BC74-5F73E3E9C453}.Release|Any CPU.Build.0 = Release|Any CPU
		{904AEDBF-12C5-46FD-A14F-446DF0B90937}.Debug|Any CPU.ActiveCfg = Debug|Any CPU
		{904AEDBF-12C5-46FD-A14F-446DF0B90937}.Debug|Any CPU.Build.0 = Debug|Any CPU
		{904AEDBF-12C5-46FD-A14F-446DF0B90937}.Release|Any CPU.ActiveCfg = Release|Any CPU
		{904AEDBF-12C5-46FD-A14F-446DF0B90937}.Release|Any CPU.Build.0 = Release|Any CPU
		{701F65EC-5E32-4A91-B4ED-F9D72D5BD275}.Debug|Any CPU.ActiveCfg = Debug|Any CPU
		{701F65EC-5E32-4A91-B4ED-F9D72D5BD275}.Debug|Any CPU.Build.0 = Debug|Any CPU
		{701F65EC-5E32-4A91-B4ED-F9D72D5BD275}.Release|Any CPU.ActiveCfg = Release|Any CPU
		{701F65EC-5E32-4A91-B4ED-F9D72D5BD275}.Release|Any CPU.Build.0 = Release|Any CPU
		{0376D49D-6589-48DE-8196-46DE36913B61}.Debug|Any CPU.ActiveCfg = Debug|Any CPU
		{0376D49D-6589-48DE-8196-46DE36913B61}.Debug|Any CPU.Build.0 = Debug|Any CPU
		{0376D49D-6589-48DE-8196-46DE36913B61}.Release|Any CPU.ActiveCfg = Release|Any CPU
		{0376D49D-6589-48DE-8196-46DE36913B61}.Release|Any CPU.Build.0 = Release|Any CPU
		{181E709A-7A71-4E03-9A67-4D387AF040C7}.Debug|Any CPU.ActiveCfg = Debug|Any CPU
		{181E709A-7A71-4E03-9A67-4D387AF040C7}.Debug|Any CPU.Build.0 = Debug|Any CPU
		{181E709A-7A71-4E03-9A67-4D387AF040C7}.Release|Any CPU.ActiveCfg = Release|Any CPU
		{181E709A-7A71-4E03-9A67-4D387AF040C7}.Release|Any CPU.Build.0 = Release|Any CPU
		{2E7F670D-24E3-4AF3-ACC6-FF81BA12CE50}.Debug|Any CPU.ActiveCfg = Debug|Any CPU
		{2E7F670D-24E3-4AF3-ACC6-FF81BA12CE50}.Debug|Any CPU.Build.0 = Debug|Any CPU
		{2E7F670D-24E3-4AF3-ACC6-FF81BA12CE50}.Release|Any CPU.ActiveCfg = Release|Any CPU
		{2E7F670D-24E3-4AF3-ACC6-FF81BA12CE50}.Release|Any CPU.Build.0 = Release|Any CPU
		{44366C74-F696-466C-B911-53FB1AA18BD5}.Debug|Any CPU.ActiveCfg = Debug|Any CPU
		{44366C74-F696-466C-B911-53FB1AA18BD5}.Debug|Any CPU.Build.0 = Debug|Any CPU
		{44366C74-F696-466C-B911-53FB1AA18BD5}.Release|Any CPU.ActiveCfg = Release|Any CPU
		{44366C74-F696-466C-B911-53FB1AA18BD5}.Release|Any CPU.Build.0 = Release|Any CPU
		{573C3922-9A60-4072-81F0-8D9625206BBB}.Debug|Any CPU.ActiveCfg = Debug|Any CPU
		{573C3922-9A60-4072-81F0-8D9625206BBB}.Debug|Any CPU.Build.0 = Debug|Any CPU
		{573C3922-9A60-4072-81F0-8D9625206BBB}.Release|Any CPU.ActiveCfg = Release|Any CPU
		{573C3922-9A60-4072-81F0-8D9625206BBB}.Release|Any CPU.Build.0 = Release|Any CPU
		{C5292712-D058-45B3-B43B-1D4C2184C644}.Debug|Any CPU.ActiveCfg = Debug|Any CPU
		{C5292712-D058-45B3-B43B-1D4C2184C644}.Debug|Any CPU.Build.0 = Debug|Any CPU
		{C5292712-D058-45B3-B43B-1D4C2184C644}.Release|Any CPU.ActiveCfg = Release|Any CPU
		{C5292712-D058-45B3-B43B-1D4C2184C644}.Release|Any CPU.Build.0 = Release|Any CPU
		{55A6515A-9D16-43DE-9991-CB501CFDE26C}.Debug|Any CPU.ActiveCfg = Debug|Any CPU
		{55A6515A-9D16-43DE-9991-CB501CFDE26C}.Debug|Any CPU.Build.0 = Debug|Any CPU
		{55A6515A-9D16-43DE-9991-CB501CFDE26C}.Release|Any CPU.ActiveCfg = Release|Any CPU
		{55A6515A-9D16-43DE-9991-CB501CFDE26C}.Release|Any CPU.Build.0 = Release|Any CPU
	EndGlobalSection
EndGlobal
