
Microsoft Visual Studio Solution File, Format Version 12.00
Project("{FAE04EC0-301F-11D3-BF4B-00C04F79EFBC}") = "start", "start\start.csproj", "{C3BC8728-68AD-45E6-A2D0-CD5A9DBD00A9}"
EndProject
Project("{FAE04EC0-301F-11D3-BF4B-00C04F79EFBC}") = "print-flag", "print-flag\print-flag.csproj", "{718EDBBD-4B78-475F-A9BF-8368866FDEA4}"
EndProject
Project("{FAE04EC0-301F-11D3-BF4B-00C04F79EFBC}") = "variables", "variables\variables.csproj", "{782D217B-8DFA-4B67-AF10-3DE861B00176}"
EndProject
Project("{FAE04EC0-301F-11D3-BF4B-00C04F79EFBC}") = "string", "string\string.csproj", "{EACF9DAE-5975-4455-8A7B-EC0EA1FBE5E8}"
EndProject
Project("{FAE04EC0-301F-11D3-BF4B-00C04F79EFBC}") = "practice", "practice\practice.csproj", "{9FA60FE1-4B4D-4E96-9017-31209D8661E7}"
EndProject
Project("{FAE04EC0-301F-11D3-BF4B-00C04F79EFBC}") = "variable-research", "variable-research\variable-research.csproj", "{EA929566-C1C6-4C96-B72C-06029CA7469F}"
EndProject
Project("{FAE04EC0-301F-11D3-BF4B-00C04F79EFBC}") = "math-operator", "math-operator\math-operator.csproj", "{3D15FDBD-0466-4C9A-BC74-5F73E3E9C453}"
EndProject
Project("{FAE04EC0-301F-11D3-BF4B-00C04F79EFBC}") = "increment-and-decrement", "increment-and-decrement\increment-and-decrement.csproj", "{904AEDBF-12C5-46FD-A14F-446DF0B90937}"
EndProject
Project("{FAE04EC0-301F-11D3-BF4B-00C04F79EFBC}") = "boolean", "boolean\boolean.csproj", "{701F65EC-5E32-4A91-B4ED-F9D72D5BD275}"
EndProject
Global
	GlobalSection(SolutionConfigurationPlatforms) = preSolution
		Debug|Any CPU = Debug|Any CPU
		Release|Any CPU = Release|Any CPU
	EndGlobalSection
	GlobalSection(ProjectConfigurationPlatforms) = postSolution
		{C3BC8728-68AD-45E6-A2D0-CD5A9DBD00A9}.Debug|Any CPU.ActiveCfg = Debug|Any CPU
		{C3BC8728-68AD-45E6-A2D0-CD5A9DBD00A9}.Debug|Any CPU.Build.0 = Debug|Any CPU
		{C3BC8728-68AD-45E6-A2D0-CD5A9DBD00A9}.Release|Any CPU.ActiveCfg = Release|Any CPU
		{C3BC8728-68AD-45E6-A2D0-CD5A9DBD00A9}.Release|Any CPU.Build.0 = Release|Any CPU
		{718EDBBD-4B78-475F-A9BF-8368866FDEA4}.Debug|Any CPU.ActiveCfg = Debug|Any CPU
		{718EDBBD-4B78-475F-A9BF-8368866FDEA4}.Debug|Any CPU.Build.0 = Debug|Any CPU
		{718EDBBD-4B78-475F-A9BF-8368866FDEA4}.Release|Any CPU.ActiveCfg = Release|Any CPU
		{718EDBBD-4B78-475F-A9BF-8368866FDEA4}.Release|Any CPU.Build.0 = Release|Any CPU
		{782D217B-8DFA-4B67-AF10-3DE861B00176}.Debug|Any CPU.ActiveCfg = Debug|Any CPU
		{782D217B-8DFA-4B67-AF10-3DE861B00176}.Debug|Any CPU.Build.0 = Debug|Any CPU
		{782D217B-8DFA-4B67-AF10-3DE861B00176}.Release|Any CPU.ActiveCfg = Release|Any CPU
		{782D217B-8DFA-4B67-AF10-3DE861B00176}.Release|Any CPU.Build.0 = Release|Any CPU
		{EACF9DAE-5975-4455-8A7B-EC0EA1FBE5E8}.Debug|Any CPU.ActiveCfg = Debug|Any CPU
		{EACF9DAE-5975-4455-8A7B-EC0EA1FBE5E8}.Debug|Any CPU.Build.0 = Debug|Any CPU
		{EACF9DAE-5975-4455-8A7B-EC0EA1FBE5E8}.Release|Any CPU.ActiveCfg = Release|Any CPU
		{EACF9DAE-5975-4455-8A7B-EC0EA1FBE5E8}.Release|Any CPU.Build.0 = Release|Any CPU
		{9FA60FE1-4B4D-4E96-9017-31209D8661E7}.Debug|Any CPU.ActiveCfg = Debug|Any CPU
		{9FA60FE1-4B4D-4E96-9017-31209D8661E7}.Debug|Any CPU.Build.0 = Debug|Any CPU
		{9FA60FE1-4B4D-4E96-9017-31209D8661E7}.Release|Any CPU.ActiveCfg = Release|Any CPU
		{9FA60FE1-4B4D-4E96-9017-31209D8661E7}.Release|Any CPU.Build.0 = Release|Any CPU
		{EA929566-C1C6-4C96-B72C-06029CA7469F}.Debug|Any CPU.ActiveCfg = Debug|Any CPU
		{EA929566-C1C6-4C96-B72C-06029CA7469F}.Debug|Any CPU.Build.0 = Debug|Any CPU
		{EA929566-C1C6-4C96-B72C-06029CA7469F}.Release|Any CPU.ActiveCfg = Release|Any CPU
		{EA929566-C1C6-4C96-B72C-06029CA7469F}.Release|Any CPU.Build.0 = Release|Any CPU
		{3D15FDBD-0466-4C9A-BC74-5F73E3E9C453}.Debug|Any CPU.ActiveCfg = Debug|Any CPU
		{3D15FDBD-0466-4C9A-BC74-5F73E3E9C453}.Debug|Any CPU.Build.0 = Debug|Any CPU
		{3D15FDBD-0466-4C9A-BC74-5F73E3E9C453}.Release|Any CPU.ActiveCfg = Release|Any CPU
		{3D15FDBD-0466-4C9A-BC74-5F73E3E9C453}.Release|Any CPU.Build.0 = Release|Any CPU
		{904AEDBF-12C5-46FD-A14F-446DF0B90937}.Debug|Any CPU.ActiveCfg = Debug|Any CPU
		{904AEDBF-12C5-46FD-A14F-446DF0B90937}.Debug|Any CPU.Build.0 = Debug|Any CPU
		{904AEDBF-12C5-46FD-A14F-446DF0B90937}.Release|Any CPU.ActiveCfg = Release|Any CPU
		{904AEDBF-12C5-46FD-A14F-446DF0B90937}.Release|Any CPU.Build.0 = Release|Any CPU
		{701F65EC-5E32-4A91-B4ED-F9D72D5BD275}.Debug|Any CPU.ActiveCfg = Debug|Any CPU
		{701F65EC-5E32-4A91-B4ED-F9D72D5BD275}.Debug|Any CPU.Build.0 = Debug|Any CPU
		{701F65EC-5E32-4A91-B4ED-F9D72D5BD275}.Release|Any CPU.ActiveCfg = Release|Any CPU
		{701F65EC-5E32-4A91-B4ED-F9D72D5BD275}.Release|Any CPU.Build.0 = Release|Any CPU
	EndGlobalSection
EndGlobal
